// !$*UTF8*$!
{
	archiveVersion = 1;
	classes = {
	};
	objectVersion = 50;
	objects = {

/* Begin PBXBuildFile section */
		04466AF125DE6066005FC3D7 /* AppDelegate.swift in Sources */ = {isa = PBXBuildFile; fileRef = 04466AF025DE6066005FC3D7 /* AppDelegate.swift */; };
		04466AF325DE6066005FC3D7 /* SceneDelegate.swift in Sources */ = {isa = PBXBuildFile; fileRef = 04466AF225DE6066005FC3D7 /* SceneDelegate.swift */; };
		04466AF525DE6066005FC3D7 /* CategoryView.swift in Sources */ = {isa = PBXBuildFile; fileRef = 04466AF425DE6066005FC3D7 /* CategoryView.swift */; };
		04466AFB25DE6066005FC3D7 /* NoteData.xcdatamodeld in Sources */ = {isa = PBXBuildFile; fileRef = 04466AF925DE6066005FC3D7 /* NoteData.xcdatamodeld */; };
		04466AFD25DE6069005FC3D7 /* Assets.xcassets in Resources */ = {isa = PBXBuildFile; fileRef = 04466AFC25DE6069005FC3D7 /* Assets.xcassets */; };
		04466B0025DE6069005FC3D7 /* LaunchScreen.storyboard in Resources */ = {isa = PBXBuildFile; fileRef = 04466AFE25DE6069005FC3D7 /* LaunchScreen.storyboard */; };
		0484E12D25E27DF700639841 /* Category.storyboard in Resources */ = {isa = PBXBuildFile; fileRef = 0484E12C25E27DF700639841 /* Category.storyboard */; };
		0484E13425E27E5A00639841 /* CategoryViewModel.swift in Sources */ = {isa = PBXBuildFile; fileRef = 0484E13325E27E5A00639841 /* CategoryViewModel.swift */; };
		0484E13925E27E8200639841 /* CategoryCustomCellView.swift in Sources */ = {isa = PBXBuildFile; fileRef = 0484E13825E27E8200639841 /* CategoryCustomCellView.swift */; };
		0484E13C25E27E9300639841 /* CategoryCustomCellViewModel.swift in Sources */ = {isa = PBXBuildFile; fileRef = 0484E13B25E27E9300639841 /* CategoryCustomCellViewModel.swift */; };
		0484E14025E289FC00639841 /* CoreDataManager.swift in Sources */ = {isa = PBXBuildFile; fileRef = 0484E13F25E289FC00639841 /* CoreDataManager.swift */; };
		0484E14725E2A56800639841 /* NotesView.swift in Sources */ = {isa = PBXBuildFile; fileRef = 0484E14625E2A56800639841 /* NotesView.swift */; };
		0484E14B25E2A5A700639841 /* NotesViewModel.swift in Sources */ = {isa = PBXBuildFile; fileRef = 0484E14A25E2A5A700639841 /* NotesViewModel.swift */; };
		0484E14E25E2A5C600639841 /* NotesCustomCellView.swift in Sources */ = {isa = PBXBuildFile; fileRef = 0484E14D25E2A5C600639841 /* NotesCustomCellView.swift */; };
		0484E15125E2A5D600639841 /* NotesCustomCellViewModel.swift in Sources */ = {isa = PBXBuildFile; fileRef = 0484E15025E2A5D600639841 /* NotesCustomCellViewModel.swift */; };
		0484E15425E2A62400639841 /* Notes.storyboard in Resources */ = {isa = PBXBuildFile; fileRef = 0484E15325E2A62400639841 /* Notes.storyboard */; };
		0484E15825E2D15700639841 /* Note.storyboard in Resources */ = {isa = PBXBuildFile; fileRef = 0484E15725E2D15700639841 /* Note.storyboard */; };
		0484E15C25E2D19D00639841 /* NoteView.swift in Sources */ = {isa = PBXBuildFile; fileRef = 0484E15B25E2D19D00639841 /* NoteView.swift */; };
		0484E16025E2D25000639841 /* PasswordView.xib in Resources */ = {isa = PBXBuildFile; fileRef = 0484E15F25E2D25000639841 /* PasswordView.xib */; };
		0484E16425E2D26D00639841 /* PassswordView.swift in Sources */ = {isa = PBXBuildFile; fileRef = 0484E16325E2D26D00639841 /* PassswordView.swift */; };
		0484E16725E2DF1C00639841 /* NoteViewModel.swift in Sources */ = {isa = PBXBuildFile; fileRef = 0484E16625E2DF1C00639841 /* NoteViewModel.swift */; };
/* End PBXBuildFile section */

/* Begin PBXFileReference section */
		04466AED25DE6066005FC3D7 /* NoteAppMvvm.app */ = {isa = PBXFileReference; explicitFileType = wrapper.application; includeInIndex = 0; path = NoteAppMvvm.app; sourceTree = BUILT_PRODUCTS_DIR; };
		04466AF025DE6066005FC3D7 /* AppDelegate.swift */ = {isa = PBXFileReference; lastKnownFileType = sourcecode.swift; path = AppDelegate.swift; sourceTree = "<group>"; };
		04466AF225DE6066005FC3D7 /* SceneDelegate.swift */ = {isa = PBXFileReference; lastKnownFileType = sourcecode.swift; path = SceneDelegate.swift; sourceTree = "<group>"; };
		04466AF425DE6066005FC3D7 /* CategoryView.swift */ = {isa = PBXFileReference; lastKnownFileType = sourcecode.swift; path = CategoryView.swift; sourceTree = "<group>"; };
		04466AFA25DE6066005FC3D7 /* NoteAppMvvm.xcdatamodel */ = {isa = PBXFileReference; lastKnownFileType = wrapper.xcdatamodel; path = NoteAppMvvm.xcdatamodel; sourceTree = "<group>"; };
		04466AFC25DE6069005FC3D7 /* Assets.xcassets */ = {isa = PBXFileReference; lastKnownFileType = folder.assetcatalog; path = Assets.xcassets; sourceTree = "<group>"; };
		04466AFF25DE6069005FC3D7 /* Base */ = {isa = PBXFileReference; lastKnownFileType = file.storyboard; name = Base; path = Base.lproj/LaunchScreen.storyboard; sourceTree = "<group>"; };
		04466B0125DE6069005FC3D7 /* Info.plist */ = {isa = PBXFileReference; lastKnownFileType = text.plist.xml; path = Info.plist; sourceTree = "<group>"; };
		0484E12C25E27DF700639841 /* Category.storyboard */ = {isa = PBXFileReference; lastKnownFileType = file.storyboard; path = Category.storyboard; sourceTree = "<group>"; };
		0484E13325E27E5A00639841 /* CategoryViewModel.swift */ = {isa = PBXFileReference; lastKnownFileType = sourcecode.swift; path = CategoryViewModel.swift; sourceTree = "<group>"; };
		0484E13825E27E8200639841 /* CategoryCustomCellView.swift */ = {isa = PBXFileReference; lastKnownFileType = sourcecode.swift; path = CategoryCustomCellView.swift; sourceTree = "<group>"; };
		0484E13B25E27E9300639841 /* CategoryCustomCellViewModel.swift */ = {isa = PBXFileReference; lastKnownFileType = sourcecode.swift; path = CategoryCustomCellViewModel.swift; sourceTree = "<group>"; };
		0484E13F25E289FC00639841 /* CoreDataManager.swift */ = {isa = PBXFileReference; lastKnownFileType = sourcecode.swift; path = CoreDataManager.swift; sourceTree = "<group>"; };
		0484E14625E2A56800639841 /* NotesView.swift */ = {isa = PBXFileReference; lastKnownFileType = sourcecode.swift; path = NotesView.swift; sourceTree = "<group>"; };
		0484E14A25E2A5A700639841 /* NotesViewModel.swift */ = {isa = PBXFileReference; lastKnownFileType = sourcecode.swift; path = NotesViewModel.swift; sourceTree = "<group>"; };
		0484E14D25E2A5C600639841 /* NotesCustomCellView.swift */ = {isa = PBXFileReference; lastKnownFileType = sourcecode.swift; path = NotesCustomCellView.swift; sourceTree = "<group>"; };
		0484E15025E2A5D600639841 /* NotesCustomCellViewModel.swift */ = {isa = PBXFileReference; lastKnownFileType = sourcecode.swift; path = NotesCustomCellViewModel.swift; sourceTree = "<group>"; };
		0484E15325E2A62400639841 /* Notes.storyboard */ = {isa = PBXFileReference; lastKnownFileType = file.storyboard; path = Notes.storyboard; sourceTree = "<group>"; };
		0484E15725E2D15700639841 /* Note.storyboard */ = {isa = PBXFileReference; lastKnownFileType = file.storyboard; path = Note.storyboard; sourceTree = "<group>"; };
		0484E15B25E2D19D00639841 /* NoteView.swift */ = {isa = PBXFileReference; lastKnownFileType = sourcecode.swift; path = NoteView.swift; sourceTree = "<group>"; };
		0484E15F25E2D25000639841 /* PasswordView.xib */ = {isa = PBXFileReference; lastKnownFileType = file.xib; path = PasswordView.xib; sourceTree = "<group>"; };
		0484E16325E2D26D00639841 /* PassswordView.swift */ = {isa = PBXFileReference; lastKnownFileType = sourcecode.swift; path = PassswordView.swift; sourceTree = "<group>"; };
		0484E16625E2DF1C00639841 /* NoteViewModel.swift */ = {isa = PBXFileReference; lastKnownFileType = sourcecode.swift; path = NoteViewModel.swift; sourceTree = "<group>"; };
/* End PBXFileReference section */

/* Begin PBXFrameworksBuildPhase section */
		04466AEA25DE6066005FC3D7 /* Frameworks */ = {
			isa = PBXFrameworksBuildPhase;
			buildActionMask = 2147483647;
			files = (
			);
			runOnlyForDeploymentPostprocessing = 0;
		};
/* End PBXFrameworksBuildPhase section */

/* Begin PBXGroup section */
		04466AE425DE6066005FC3D7 = {
			isa = PBXGroup;
			children = (
				04466AEF25DE6066005FC3D7 /* NoteAppMvvm */,
				0484E16225E2D25800639841 /* Passwordview */,
				04466AEE25DE6066005FC3D7 /* Products */,
			);
			sourceTree = "<group>";
		};
		04466AEE25DE6066005FC3D7 /* Products */ = {
			isa = PBXGroup;
			children = (
				04466AED25DE6066005FC3D7 /* NoteAppMvvm.app */,
			);
			name = Products;
			sourceTree = "<group>";
		};
		04466AEF25DE6066005FC3D7 /* NoteAppMvvm */ = {
			isa = PBXGroup;
			children = (
				04466AF025DE6066005FC3D7 /* AppDelegate.swift */,
				04466AF225DE6066005FC3D7 /* SceneDelegate.swift */,
				04466AFC25DE6069005FC3D7 /* Assets.xcassets */,
				04466AFE25DE6069005FC3D7 /* LaunchScreen.storyboard */,
				04466B0125DE6069005FC3D7 /* Info.plist */,
				0484E13125E27E1400639841 /* Model */,
				0484E13025E27E0800639841 /* Category */,
				0484E12F25E27E0200639841 /* Notes */,
				0484E15A25E2D15F00639841 /* Note */,
			);
			path = NoteAppMvvm;
			sourceTree = "<group>";
		};
		0484E12F25E27E0200639841 /* Notes */ = {
			isa = PBXGroup;
			children = (
				0484E15325E2A62400639841 /* Notes.storyboard */,
				0484E14625E2A56800639841 /* NotesView.swift */,
				0484E14A25E2A5A700639841 /* NotesViewModel.swift */,
				0484E14D25E2A5C600639841 /* NotesCustomCellView.swift */,
				0484E15025E2A5D600639841 /* NotesCustomCellViewModel.swift */,
			);
			path = Notes;
			sourceTree = "<group>";
		};
		0484E13025E27E0800639841 /* Category */ = {
			isa = PBXGroup;
			children = (
				0484E12C25E27DF700639841 /* Category.storyboard */,
				04466AF425DE6066005FC3D7 /* CategoryView.swift */,
				0484E13325E27E5A00639841 /* CategoryViewModel.swift */,
				0484E13825E27E8200639841 /* CategoryCustomCellView.swift */,
				0484E13B25E27E9300639841 /* CategoryCustomCellViewModel.swift */,
			);
			path = Category;
			sourceTree = "<group>";
		};
		0484E13125E27E1400639841 /* Model */ = {
			isa = PBXGroup;
			children = (
				04466AF925DE6066005FC3D7 /* NoteData.xcdatamodeld */,
				0484E13F25E289FC00639841 /* CoreDataManager.swift */,
			);
			path = Model;
			sourceTree = "<group>";
		};
		0484E15A25E2D15F00639841 /* Note */ = {
			isa = PBXGroup;
			children = (
				0484E15725E2D15700639841 /* Note.storyboard */,
				0484E15B25E2D19D00639841 /* NoteView.swift */,
				0484E16625E2DF1C00639841 /* NoteViewModel.swift */,
			);
			path = Note;
			sourceTree = "<group>";
		};
		0484E16225E2D25800639841 /* Passwordview */ = {
			isa = PBXGroup;
			children = (
				0484E15F25E2D25000639841 /* PasswordView.xib */,
				0484E16325E2D26D00639841 /* PassswordView.swift */,
			);
			path = Passwordview;
			sourceTree = "<group>";
		};
/* End PBXGroup section */

/* Begin PBXNativeTarget section */
		04466AEC25DE6066005FC3D7 /* NoteAppMvvm */ = {
			isa = PBXNativeTarget;
			buildConfigurationList = 04466B0425DE6069005FC3D7 /* Build configuration list for PBXNativeTarget "NoteAppMvvm" */;
			buildPhases = (
				04466AE925DE6066005FC3D7 /* Sources */,
				04466AEA25DE6066005FC3D7 /* Frameworks */,
				04466AEB25DE6066005FC3D7 /* Resources */,
			);
			buildRules = (
			);
			dependencies = (
			);
			name = NoteAppMvvm;
			productName = NoteAppMvvm;
			productReference = 04466AED25DE6066005FC3D7 /* NoteAppMvvm.app */;
			productType = "com.apple.product-type.application";
		};
/* End PBXNativeTarget section */

/* Begin PBXProject section */
		04466AE525DE6066005FC3D7 /* Project object */ = {
			isa = PBXProject;
			attributes = {
				LastSwiftUpdateCheck = 1240;
				LastUpgradeCheck = 1240;
				TargetAttributes = {
					04466AEC25DE6066005FC3D7 = {
						CreatedOnToolsVersion = 12.4;
					};
				};
			};
			buildConfigurationList = 04466AE825DE6066005FC3D7 /* Build configuration list for PBXProject "NoteAppMvvm" */;
			compatibilityVersion = "Xcode 9.3";
			developmentRegion = en;
			hasScannedForEncodings = 0;
			knownRegions = (
				en,
				Base,
			);
			mainGroup = 04466AE425DE6066005FC3D7;
			productRefGroup = 04466AEE25DE6066005FC3D7 /* Products */;
			projectDirPath = "";
			projectRoot = "";
			targets = (
				04466AEC25DE6066005FC3D7 /* NoteAppMvvm */,
			);
		};
/* End PBXProject section */

/* Begin PBXResourcesBuildPhase section */
		04466AEB25DE6066005FC3D7 /* Resources */ = {
			isa = PBXResourcesBuildPhase;
			buildActionMask = 2147483647;
			files = (
				0484E15425E2A62400639841 /* Notes.storyboard in Resources */,
				0484E12D25E27DF700639841 /* Category.storyboard in Resources */,
				04466B0025DE6069005FC3D7 /* LaunchScreen.storyboard in Resources */,
				0484E15825E2D15700639841 /* Note.storyboard in Resources */,
				04466AFD25DE6069005FC3D7 /* Assets.xcassets in Resources */,
				0484E16025E2D25000639841 /* PasswordView.xib in Resources */,
			);
			runOnlyForDeploymentPostprocessing = 0;
		};
/* End PBXResourcesBuildPhase section */

/* Begin PBXSourcesBuildPhase section */
		04466AE925DE6066005FC3D7 /* Sources */ = {
			isa = PBXSourcesBuildPhase;
			buildActionMask = 2147483647;
			files = (
				0484E13C25E27E9300639841 /* CategoryCustomCellViewModel.swift in Sources */,
				04466AF525DE6066005FC3D7 /* CategoryView.swift in Sources */,
				04466AFB25DE6066005FC3D7 /* NoteData.xcdatamodeld in Sources */,
				0484E13425E27E5A00639841 /* CategoryViewModel.swift in Sources */,
				04466AF125DE6066005FC3D7 /* AppDelegate.swift in Sources */,
				0484E16725E2DF1C00639841 /* NoteViewModel.swift in Sources */,
				0484E15125E2A5D600639841 /* NotesCustomCellViewModel.swift in Sources */,
				0484E14E25E2A5C600639841 /* NotesCustomCellView.swift in Sources */,
				04466AF325DE6066005FC3D7 /* SceneDelegate.swift in Sources */,
				0484E14B25E2A5A700639841 /* NotesViewModel.swift in Sources */,
				0484E14025E289FC00639841 /* CoreDataManager.swift in Sources */,
				0484E15C25E2D19D00639841 /* NoteView.swift in Sources */,
				0484E16425E2D26D00639841 /* PassswordView.swift in Sources */,
				0484E13925E27E8200639841 /* CategoryCustomCellView.swift in Sources */,
				0484E14725E2A56800639841 /* NotesView.swift in Sources */,
			);
			runOnlyForDeploymentPostprocessing = 0;
		};
/* End PBXSourcesBuildPhase section */

/* Begin PBXVariantGroup section */
		04466AFE25DE6069005FC3D7 /* LaunchScreen.storyboard */ = {
			isa = PBXVariantGroup;
			children = (
				04466AFF25DE6069005FC3D7 /* Base */,
			);
			name = LaunchScreen.storyboard;
			sourceTree = "<group>";
		};
/* End PBXVariantGroup section */

/* Begin XCBuildConfiguration section */
		04466B0225DE6069005FC3D7 /* Debug */ = {
			isa = XCBuildConfiguration;
			buildSettings = {
				ALWAYS_SEARCH_USER_PATHS = NO;
				CLANG_ANALYZER_NONNULL = YES;
				CLANG_ANALYZER_NUMBER_OBJECT_CONVERSION = YES_AGGRESSIVE;
				CLANG_CXX_LANGUAGE_STANDARD = "gnu++14";
				CLANG_CXX_LIBRARY = "libc++";
				CLANG_ENABLE_MODULES = YES;
				CLANG_ENABLE_OBJC_ARC = YES;
				CLANG_ENABLE_OBJC_WEAK = YES;
				CLANG_WARN_BLOCK_CAPTURE_AUTORELEASING = YES;
				CLANG_WARN_BOOL_CONVERSION = YES;
				CLANG_WARN_COMMA = YES;
				CLANG_WARN_CONSTANT_CONVERSION = YES;
				CLANG_WARN_DEPRECATED_OBJC_IMPLEMENTATIONS = YES;
				CLANG_WARN_DIRECT_OBJC_ISA_USAGE = YES_ERROR;
				CLANG_WARN_DOCUMENTATION_COMMENTS = YES;
				CLANG_WARN_EMPTY_BODY = YES;
				CLANG_WARN_ENUM_CONVERSION = YES;
				CLANG_WARN_INFINITE_RECURSION = YES;
				CLANG_WARN_INT_CONVERSION = YES;
				CLANG_WARN_NON_LITERAL_NULL_CONVERSION = YES;
				CLANG_WARN_OBJC_IMPLICIT_RETAIN_SELF = YES;
				CLANG_WARN_OBJC_LITERAL_CONVERSION = YES;
				CLANG_WARN_OBJC_ROOT_CLASS = YES_ERROR;
				CLANG_WARN_QUOTED_INCLUDE_IN_FRAMEWORK_HEADER = YES;
				CLANG_WARN_RANGE_LOOP_ANALYSIS = YES;
				CLANG_WARN_STRICT_PROTOTYPES = YES;
				CLANG_WARN_SUSPICIOUS_MOVE = YES;
				CLANG_WARN_UNGUARDED_AVAILABILITY = YES_AGGRESSIVE;
				CLANG_WARN_UNREACHABLE_CODE = YES;
				CLANG_WARN__DUPLICATE_METHOD_MATCH = YES;
				COPY_PHASE_STRIP = NO;
				DEBUG_INFORMATION_FORMAT = dwarf;
				ENABLE_STRICT_OBJC_MSGSEND = YES;
				ENABLE_TESTABILITY = YES;
				GCC_C_LANGUAGE_STANDARD = gnu11;
				GCC_DYNAMIC_NO_PIC = NO;
				GCC_NO_COMMON_BLOCKS = YES;
				GCC_OPTIMIZATION_LEVEL = 0;
				GCC_PREPROCESSOR_DEFINITIONS = (
					"DEBUG=1",
					"$(inherited)",
				);
				GCC_WARN_64_TO_32_BIT_CONVERSION = YES;
				GCC_WARN_ABOUT_RETURN_TYPE = YES_ERROR;
				GCC_WARN_UNDECLARED_SELECTOR = YES;
				GCC_WARN_UNINITIALIZED_AUTOS = YES_AGGRESSIVE;
				GCC_WARN_UNUSED_FUNCTION = YES;
				GCC_WARN_UNUSED_VARIABLE = YES;
				IPHONEOS_DEPLOYMENT_TARGET = 14.4;
				MTL_ENABLE_DEBUG_INFO = INCLUDE_SOURCE;
				MTL_FAST_MATH = YES;
				ONLY_ACTIVE_ARCH = YES;
				SDKROOT = iphoneos;
				SWIFT_ACTIVE_COMPILATION_CONDITIONS = DEBUG;
				SWIFT_OPTIMIZATION_LEVEL = "-Onone";
			};
			name = Debug;
		};
		04466B0325DE6069005FC3D7 /* Release */ = {
			isa = XCBuildConfiguration;
			buildSettings = {
				ALWAYS_SEARCH_USER_PATHS = NO;
				CLANG_ANALYZER_NONNULL = YES;
				CLANG_ANALYZER_NUMBER_OBJECT_CONVERSION = YES_AGGRESSIVE;
				CLANG_CXX_LANGUAGE_STANDARD = "gnu++14";
				CLANG_CXX_LIBRARY = "libc++";
				CLANG_ENABLE_MODULES = YES;
				CLANG_ENABLE_OBJC_ARC = YES;
				CLANG_ENABLE_OBJC_WEAK = YES;
				CLANG_WARN_BLOCK_CAPTURE_AUTORELEASING = YES;
				CLANG_WARN_BOOL_CONVERSION = YES;
				CLANG_WARN_COMMA = YES;
				CLANG_WARN_CONSTANT_CONVERSION = YES;
				CLANG_WARN_DEPRECATED_OBJC_IMPLEMENTATIONS = YES;
				CLANG_WARN_DIRECT_OBJC_ISA_USAGE = YES_ERROR;
				CLANG_WARN_DOCUMENTATION_COMMENTS = YES;
				CLANG_WARN_EMPTY_BODY = YES;
				CLANG_WARN_ENUM_CONVERSION = YES;
				CLANG_WARN_INFINITE_RECURSION = YES;
				CLANG_WARN_INT_CONVERSION = YES;
				CLANG_WARN_NON_LITERAL_NULL_CONVERSION = YES;
				CLANG_WARN_OBJC_IMPLICIT_RETAIN_SELF = YES;
				CLANG_WARN_OBJC_LITERAL_CONVERSION = YES;
				CLANG_WARN_OBJC_ROOT_CLASS = YES_ERROR;
				CLANG_WARN_QUOTED_INCLUDE_IN_FRAMEWORK_HEADER = YES;
				CLANG_WARN_RANGE_LOOP_ANALYSIS = YES;
				CLANG_WARN_STRICT_PROTOTYPES = YES;
				CLANG_WARN_SUSPICIOUS_MOVE = YES;
				CLANG_WARN_UNGUARDED_AVAILABILITY = YES_AGGRESSIVE;
				CLANG_WARN_UNREACHABLE_CODE = YES;
				CLANG_WARN__DUPLICATE_METHOD_MATCH = YES;
				COPY_PHASE_STRIP = NO;
				DEBUG_INFORMATION_FORMAT = "dwarf-with-dsym";
				ENABLE_NS_ASSERTIONS = NO;
				ENABLE_STRICT_OBJC_MSGSEND = YES;
				GCC_C_LANGUAGE_STANDARD = gnu11;
				GCC_NO_COMMON_BLOCKS = YES;
				GCC_WARN_64_TO_32_BIT_CONVERSION = YES;
				GCC_WARN_ABOUT_RETURN_TYPE = YES_ERROR;
				GCC_WARN_UNDECLARED_SELECTOR = YES;
				GCC_WARN_UNINITIALIZED_AUTOS = YES_AGGRESSIVE;
				GCC_WARN_UNUSED_FUNCTION = YES;
				GCC_WARN_UNUSED_VARIABLE = YES;
				IPHONEOS_DEPLOYMENT_TARGET = 14.4;
				MTL_ENABLE_DEBUG_INFO = NO;
				MTL_FAST_MATH = YES;
				SDKROOT = iphoneos;
				SWIFT_COMPILATION_MODE = wholemodule;
				SWIFT_OPTIMIZATION_LEVEL = "-O";
				VALIDATE_PRODUCT = YES;
			};
			name = Release;
		};
		04466B0525DE6069005FC3D7 /* Debug */ = {
			isa = XCBuildConfiguration;
			buildSettings = {
				ASSETCATALOG_COMPILER_APPICON_NAME = AppIcon;
				ASSETCATALOG_COMPILER_GLOBAL_ACCENT_COLOR_NAME = AccentColor;
				CODE_SIGN_STYLE = Automatic;
				INFOPLIST_FILE = NoteAppMvvm/Info.plist;
				LD_RUNPATH_SEARCH_PATHS = (
					"$(inherited)",
					"@executable_path/Frameworks",
				);
				PRODUCT_BUNDLE_IDENTIFIER = com.ikranurbulut.NoteAppMvvm;
				PRODUCT_NAME = "$(TARGET_NAME)";
				SWIFT_VERSION = 5.0;
				TARGETED_DEVICE_FAMILY = "1,2";
			};
			name = Debug;
		};
		04466B0625DE6069005FC3D7 /* Release */ = {
			isa = XCBuildConfiguration;
			buildSettings = {
				ASSETCATALOG_COMPILER_APPICON_NAME = AppIcon;
				ASSETCATALOG_COMPILER_GLOBAL_ACCENT_COLOR_NAME = AccentColor;
				CODE_SIGN_STYLE = Automatic;
				INFOPLIST_FILE = NoteAppMvvm/Info.plist;
				LD_RUNPATH_SEARCH_PATHS = (
					"$(inherited)",
					"@executable_path/Frameworks",
				);
				PRODUCT_BUNDLE_IDENTIFIER = com.ikranurbulut.NoteAppMvvm;
				PRODUCT_NAME = "$(TARGET_NAME)";
				SWIFT_VERSION = 5.0;
				TARGETED_DEVICE_FAMILY = "1,2";
			};
			name = Release;
		};
/* End XCBuildConfiguration section */

/* Begin XCConfigurationList section */
		04466AE825DE6066005FC3D7 /* Build configuration list for PBXProject "NoteAppMvvm" */ = {
			isa = XCConfigurationList;
			buildConfigurations = (
				04466B0225DE6069005FC3D7 /* Debug */,
				04466B0325DE6069005FC3D7 /* Release */,
			);
			defaultConfigurationIsVisible = 0;
			defaultConfigurationName = Release;
		};
		04466B0425DE6069005FC3D7 /* Build configuration list for PBXNativeTarget "NoteAppMvvm" */ = {
			isa = XCConfigurationList;
			buildConfigurations = (
				04466B0525DE6069005FC3D7 /* Debug */,
				04466B0625DE6069005FC3D7 /* Release */,
			);
			defaultConfigurationIsVisible = 0;
			defaultConfigurationName = Release;
		};
/* End XCConfigurationList section */

/* Begin XCVersionGroup section */
		04466AF925DE6066005FC3D7 /* NoteData.xcdatamodeld */ = {
			isa = XCVersionGroup;
			children = (
				04466AFA25DE6066005FC3D7 /* NoteAppMvvm.xcdatamodel */,
			);
			currentVersion = 04466AFA25DE6066005FC3D7 /* NoteAppMvvm.xcdatamodel */;
			path = NoteData.xcdatamodeld;
			sourceTree = "<group>";
			versionGroupType = wrapper.xcdatamodel;
		};
/* End XCVersionGroup section */
	};
	rootObject = 04466AE525DE6066005FC3D7 /* Project object */;
}
